
Microsoft Visual Studio Solution File, Format Version 12.00
# Visual Studio Version 16
VisualStudioVersion = 16.0.30225.117
MinimumVisualStudioVersion = 10.0.40219.1
Project("{FAE04EC0-301F-11D3-BF4B-00C04F79EFBC}") = "Server", "Server\Server.csproj", "{EC704D96-74D8-4159-9B70-43E63503B3B7}"
EndProject
Global
	GlobalSection(SolutionConfigurationPlatforms) = preSolution
		Debug|Any CPU = Debug|Any CPU
		Release|Any CPU = Release|Any CPU
	EndGlobalSection
	GlobalSection(ProjectConfigurationPlatforms) = postSolution
		{EC704D96-74D8-4159-9B70-43E63503B3B7}.Debug|Any CPU.ActiveCfg = Debug|Any CPU
		{EC704D96-74D8-4159-9B70-43E63503B3B7}.Debug|Any CPU.Build.0 = Debug|Any CPU
		{EC704D96-74D8-4159-9B70-43E63503B3B7}.Release|Any CPU.ActiveCfg = Release|Any CPU
		{EC704D96-74D8-4159-9B70-43E63503B3B7}.Release|Any CPU.Build.0 = Release|Any CPU
	EndGlobalSection
	GlobalSection(SolutionProperties) = preSolution
		HideSolutionNode = FALSE
	EndGlobalSection
	GlobalSection(ExtensibilityGlobals) = postSolution
		SolutionGuid = {30E3B987-0298-4753-9AC2-9117CF844F54}
	EndGlobalSection
EndGlobal
